
Microsoft Visual Studio Solution File, Format Version 12.00
Project("{FAE04EC0-301F-11D3-BF4B-00C04F79EFBC}") = "AzureServiceBus_Dlq_Func_Publisher", "AzureServiceBus.Dlq.Func.Publisher\AzureServiceBus_Dlq_Func_Publisher.csproj", "{813BCBC0-1084-4FF0-9B57-E8DA0BCBEEFC}"
EndProject
Project("{FAE04EC0-301F-11D3-BF4B-00C04F79EFBC}") = "AzureServiceBus_Dlq_Func_Consumer", "AzureServiceBus.Dlq.Func.Consumer\AzureServiceBus_Dlq_Func_Consumer.csproj", "{163520D6-69E9-4F63-AFFF-D3D9AE1A8298}"
EndProject
Global
	GlobalSection(SolutionConfigurationPlatforms) = preSolution
		Debug|Any CPU = Debug|Any CPU
		Release|Any CPU = Release|Any CPU
	EndGlobalSection
	GlobalSection(ProjectConfigurationPlatforms) = postSolution
		{813BCBC0-1084-4FF0-9B57-E8DA0BCBEEFC}.Debug|Any CPU.ActiveCfg = Debug|Any CPU
		{813BCBC0-1084-4FF0-9B57-E8DA0BCBEEFC}.Debug|Any CPU.Build.0 = Debug|Any CPU
		{813BCBC0-1084-4FF0-9B57-E8DA0BCBEEFC}.Release|Any CPU.ActiveCfg = Release|Any CPU
		{813BCBC0-1084-4FF0-9B57-E8DA0BCBEEFC}.Release|Any CPU.Build.0 = Release|Any CPU
		{163520D6-69E9-4F63-AFFF-D3D9AE1A8298}.Debug|Any CPU.ActiveCfg = Debug|Any CPU
		{163520D6-69E9-4F63-AFFF-D3D9AE1A8298}.Debug|Any CPU.Build.0 = Debug|Any CPU
		{163520D6-69E9-4F63-AFFF-D3D9AE1A8298}.Release|Any CPU.ActiveCfg = Release|Any CPU
		{163520D6-69E9-4F63-AFFF-D3D9AE1A8298}.Release|Any CPU.Build.0 = Release|Any CPU
	EndGlobalSection
EndGlobal
